# This file is automatically @generated by Cargo.
# It is not intended for manual editing.
version = 4

[[package]]
name = "cfdi-ai"
version = "0.1.0"

[[package]]
name = "cfdi-api"
version = "0.1.0"

[[package]]
name = "cfdi-config"
version = "0.1.0"

[[package]]
name = "cfdi-core"
version = "0.1.0"

[[package]]
name = "cfdi-db"
version = "0.1.0"

[[package]]
name = "cfdi-jobs"
version = "0.1.0"
